
Microsoft Visual Studio Solution File, Format Version 12.00
# Visual Studio 15
VisualStudioVersion = 15.0.27130.2010
MinimumVisualStudioVersion = 10.0.40219.1
Project("{8BC9CEB8-8B4A-11D0-8D11-00A0C91BC942}") = "Testudines", "src\Testudines.vcxproj", "{05060091-8012-46AB-8111-845829F82E34}"
EndProject
Global
	GlobalSection(SolutionConfigurationPlatforms) = preSolution
		Debug_Linux|x64 = Debug_Linux|x64
		Debug_Linux|x86 = Debug_Linux|x86
		Debug_Win|x64 = Debug_Win|x64
		Debug_Win|x86 = Debug_Win|x86
	EndGlobalSection
	GlobalSection(ProjectConfigurationPlatforms) = postSolution
		{05060091-8012-46AB-8111-845829F82E34}.Debug_Linux|x64.ActiveCfg = Debug_Linux|x64
		{05060091-8012-46AB-8111-845829F82E34}.Debug_Linux|x64.Build.0 = Debug_Linux|x64
		{05060091-8012-46AB-8111-845829F82E34}.Debug_Linux|x86.ActiveCfg = Debug_Linux|Win32
		{05060091-8012-46AB-8111-845829F82E34}.Debug_Linux|x86.Build.0 = Debug_Linux|Win32
		{05060091-8012-46AB-8111-845829F82E34}.Debug_Win|x64.ActiveCfg = Debug_win64|x64
		{05060091-8012-46AB-8111-845829F82E34}.Debug_Win|x64.Build.0 = Debug_win64|x64
		{05060091-8012-46AB-8111-845829F82E34}.Debug_Win|x86.ActiveCfg = Debug_win64|Win32
		{05060091-8012-46AB-8111-845829F82E34}.Debug_Win|x86.Build.0 = Debug_win64|Win32
	EndGlobalSection
	GlobalSection(SolutionProperties) = preSolution
		HideSolutionNode = FALSE
	EndGlobalSection
	GlobalSection(ExtensibilityGlobals) = postSolution
		SolutionGuid = {69447291-D61F-420B-BDF6-2CE7B2673D72}
	EndGlobalSection
EndGlobal
