<?xml version="1.0" encoding="utf-8"?>
<Project ToolsVersion="4.0" xmlns="http://schemas.microsoft.com/developer/msbuild/2003">
  <ItemGroup>
    <Filter Include="os">
      <UniqueIdentifier>{8e5987c7-e42c-4538-98b2-fb2d0f2f32d9}</UniqueIdentifier>
    </Filter>
    <Filter Include="sockets">
      <UniqueIdentifier>{a4abd58d-fdf7-4e56-8452-64b392828d88}</UniqueIdentifier>
    </Filter>
    <Filter Include="http">
      <UniqueIdentifier>{5cd32917-1269-4359-b66d-2e69764ff658}</UniqueIdentifier>
    </Filter>
    <Filter Include="messages">
      <UniqueIdentifier>{0fdc0197-9c0a-43bc-a4a1-2e0097590cc9}</UniqueIdentifier>
    </Filter>
    <Filter Include="threads">
      <UniqueIdentifier>{497ec43b-fa02-4a46-a958-cddcdf9571e6}</UniqueIdentifier>
    </Filter>
  </ItemGroup>
  <ItemGroup>
    <ClCompile Include="os_linux.cpp">
      <Filter>os</Filter>
    </ClCompile>
    <ClCompile Include="os_win.cpp">
      <Filter>os</Filter>
    </ClCompile>
    <ClCompile Include="socket_linux.cpp">
      <Filter>sockets</Filter>
    </ClCompile>
    <ClCompile Include="socket_win.cpp">
      <Filter>sockets</Filter>
    </ClCompile>
    <ClCompile Include="main.cpp" />
    <ClCompile Include="IOCPConnection.cpp">
      <Filter>sockets</Filter>
    </ClCompile>
    <ClCompile Include="http_win.cpp">
      <Filter>http</Filter>
    </ClCompile>
    <ClCompile Include="semaphore_win.cpp">
      <Filter>threads</Filter>
    </ClCompile>
    <ClCompile Include="message_queue_win.cpp">
      <Filter>messages</Filter>
    </ClCompile>
  </ItemGroup>
  <ItemGroup>
    <ClInclude Include="os.h">
      <Filter>os</Filter>
    </ClInclude>
    <ClInclude Include="socket.h">
      <Filter>sockets</Filter>
    </ClInclude>
    <ClInclude Include="IOCPConnection.h">
      <Filter>sockets</Filter>
    </ClInclude>
    <ClInclude Include="common_defines.h" />
    <ClInclude Include="http.h">
      <Filter>http</Filter>
    </ClInclude>
    <ClInclude Include="common_types.h" />
    <ClInclude Include="message_queue.h">
      <Filter>messages</Filter>
    </ClInclude>
    <ClInclude Include="thread_utils.h">
      <Filter>threads</Filter>
    </ClInclude>
    <ClInclude Include="semaphore.h">
      <Filter>threads</Filter>
    </ClInclude>
    <ClInclude Include="common_utils.h" />
  </ItemGroup>
</Project>